
Microsoft Visual Studio Solution File, Format Version 12.00
# Visual Studio Version 17
VisualStudioVersion = 17.8.34511.84
MinimumVisualStudioVersion = 10.0.40219.1
Project("{FAE04EC0-301F-11D3-BF4B-00C04F79EFBC}") = "apkakalorie", "apkakalorie\apkakalorie.csproj", "{118BA172-64D2-4C2E-BD54-98AB160A0E4A}"
EndProject
Global
	GlobalSection(SolutionConfigurationPlatforms) = preSolution
		Debug|Any CPU = Debug|Any CPU
		Release|Any CPU = Release|Any CPU
	EndGlobalSection
	GlobalSection(ProjectConfigurationPlatforms) = postSolution
		{118BA172-64D2-4C2E-BD54-98AB160A0E4A}.Debug|Any CPU.ActiveCfg = Debug|Any CPU
		{118BA172-64D2-4C2E-BD54-98AB160A0E4A}.Debug|Any CPU.Build.0 = Debug|Any CPU
		{118BA172-64D2-4C2E-BD54-98AB160A0E4A}.Release|Any CPU.ActiveCfg = Release|Any CPU
		{118BA172-64D2-4C2E-BD54-98AB160A0E4A}.Release|Any CPU.Build.0 = Release|Any CPU
	EndGlobalSection
	GlobalSection(SolutionProperties) = preSolution
		HideSolutionNode = FALSE
	EndGlobalSection
	GlobalSection(ExtensibilityGlobals) = postSolution
		SolutionGuid = {DE8B8066-2A71-490A-AB9E-3875EA6BE405}
	EndGlobalSection
EndGlobal
